
Microsoft Visual Studio Solution File, Format Version 12.00
# Visual Studio Version 16
VisualStudioVersion = 16.0.30406.217
MinimumVisualStudioVersion = 10.0.40219.1
Project("{FAE04EC0-301F-11D3-BF4B-00C04F79EFBC}") = "AspNetCore3.1", "AspNetCore3.1\AspNetCore3.1.csproj", "{D3B3777A-162B-4E13-AB2A-259D4C32D3DB}"
EndProject
Global
	GlobalSection(SolutionConfigurationPlatforms) = preSolution
		Debug|Any CPU = Debug|Any CPU
		Release|Any CPU = Release|Any CPU
	EndGlobalSection
	GlobalSection(ProjectConfigurationPlatforms) = postSolution
		{D3B3777A-162B-4E13-AB2A-259D4C32D3DB}.Debug|Any CPU.ActiveCfg = Debug|Any CPU
		{D3B3777A-162B-4E13-AB2A-259D4C32D3DB}.Debug|Any CPU.Build.0 = Debug|Any CPU
		{D3B3777A-162B-4E13-AB2A-259D4C32D3DB}.Release|Any CPU.ActiveCfg = Release|Any CPU
		{D3B3777A-162B-4E13-AB2A-259D4C32D3DB}.Release|Any CPU.Build.0 = Release|Any CPU
	EndGlobalSection
	GlobalSection(SolutionProperties) = preSolution
		HideSolutionNode = FALSE
	EndGlobalSection
	GlobalSection(ExtensibilityGlobals) = postSolution
		SolutionGuid = {534549A1-A477-4FE4-BFAE-D91F62264E67}
	EndGlobalSection
EndGlobal
